// !$*UTF8*$!
{
	archiveVersion = 1;
	classes = {
	};
	objectVersion = 46;
	objects = {

/* Begin PBXBuildFile section */
		46BF7AAE16DDA0B100D613C5 /* UIKit.framework in Frameworks */ = {isa = PBXBuildFile; fileRef = 46BF7AAD16DDA0B100D613C5 /* UIKit.framework */; };
		46BF7AB016DDA0B100D613C5 /* Foundation.framework in Frameworks */ = {isa = PBXBuildFile; fileRef = 46BF7AAF16DDA0B100D613C5 /* Foundation.framework */; };
		46BF7AB216DDA0B100D613C5 /* CoreGraphics.framework in Frameworks */ = {isa = PBXBuildFile; fileRef = 46BF7AB116DDA0B100D613C5 /* CoreGraphics.framework */; };
		46BF7AB416DDA0B100D613C5 /* CoreData.framework in Frameworks */ = {isa = PBXBuildFile; fileRef = 46BF7AB316DDA0B100D613C5 /* CoreData.framework */; };
		46BF7ABA16DDA0B100D613C5 /* InfoPlist.strings in Resources */ = {isa = PBXBuildFile; fileRef = 46BF7AB816DDA0B100D613C5 /* InfoPlist.strings */; };
		46BF7ABC16DDA0B100D613C5 /* main.m in Sources */ = {isa = PBXBuildFile; fileRef = 46BF7ABB16DDA0B100D613C5 /* main.m */; };
		46BF7AC016DDA0B100D613C5 /* AppDelegate.m in Sources */ = {isa = PBXBuildFile; fileRef = 46BF7ABF16DDA0B100D613C5 /* AppDelegate.m */; };
		46BF7AC216DDA0B100D613C5 /* Default.png in Resources */ = {isa = PBXBuildFile; fileRef = 46BF7AC116DDA0B100D613C5 /* Default.png */; };
		46BF7AC416DDA0B100D613C5 /* Default@2x.png in Resources */ = {isa = PBXBuildFile; fileRef = 46BF7AC316DDA0B100D613C5 /* Default@2x.png */; };
		46BF7AC616DDA0B100D613C5 /* Default-568h@2x.png in Resources */ = {isa = PBXBuildFile; fileRef = 46BF7AC516DDA0B100D613C5 /* Default-568h@2x.png */; };
		46BF7AC916DDA0B100D613C5 /* Hangman.xcdatamodeld in Sources */ = {isa = PBXBuildFile; fileRef = 46BF7AC716DDA0B100D613C5 /* Hangman.xcdatamodeld */; };
		46BF7AD116DDA0B100D613C5 /* SenTestingKit.framework in Frameworks */ = {isa = PBXBuildFile; fileRef = 46BF7AD016DDA0B100D613C5 /* SenTestingKit.framework */; };
		46BF7AD216DDA0B100D613C5 /* UIKit.framework in Frameworks */ = {isa = PBXBuildFile; fileRef = 46BF7AAD16DDA0B100D613C5 /* UIKit.framework */; };
		46BF7AD316DDA0B100D613C5 /* Foundation.framework in Frameworks */ = {isa = PBXBuildFile; fileRef = 46BF7AAF16DDA0B100D613C5 /* Foundation.framework */; };
		46BF7AD416DDA0B100D613C5 /* CoreData.framework in Frameworks */ = {isa = PBXBuildFile; fileRef = 46BF7AB316DDA0B100D613C5 /* CoreData.framework */; };
		46BF7ADC16DDA0B100D613C5 /* InfoPlist.strings in Resources */ = {isa = PBXBuildFile; fileRef = 46BF7ADA16DDA0B100D613C5 /* InfoPlist.strings */; };
		46BF7ADF16DDA0B100D613C5 /* HangmanTests.m in Sources */ = {isa = PBXBuildFile; fileRef = 46BF7ADE16DDA0B100D613C5 /* HangmanTests.m */; };
/* End PBXBuildFile section */

/* Begin PBXContainerItemProxy section */
		46BF7AD516DDA0B100D613C5 /* PBXContainerItemProxy */ = {
			isa = PBXContainerItemProxy;
			containerPortal = 46BF7AA216DDA0B100D613C5 /* Project object */;
			proxyType = 1;
			remoteGlobalIDString = 46BF7AA916DDA0B100D613C5;
			remoteInfo = Hangman;
		};
/* End PBXContainerItemProxy section */

/* Begin PBXFileReference section */
		46BF7AAA16DDA0B100D613C5 /* Hangman.app */ = {isa = PBXFileReference; explicitFileType = wrapper.application; includeInIndex = 0; path = Hangman.app; sourceTree = BUILT_PRODUCTS_DIR; };
		46BF7AAD16DDA0B100D613C5 /* UIKit.framework */ = {isa = PBXFileReference; lastKnownFileType = wrapper.framework; name = UIKit.framework; path = System/Library/Frameworks/UIKit.framework; sourceTree = SDKROOT; };
		46BF7AAF16DDA0B100D613C5 /* Foundation.framework */ = {isa = PBXFileReference; lastKnownFileType = wrapper.framework; name = Foundation.framework; path = System/Library/Frameworks/Foundation.framework; sourceTree = SDKROOT; };
		46BF7AB116DDA0B100D613C5 /* CoreGraphics.framework */ = {isa = PBXFileReference; lastKnownFileType = wrapper.framework; name = CoreGraphics.framework; path = System/Library/Frameworks/CoreGraphics.framework; sourceTree = SDKROOT; };
		46BF7AB316DDA0B100D613C5 /* CoreData.framework */ = {isa = PBXFileReference; lastKnownFileType = wrapper.framework; name = CoreData.framework; path = System/Library/Frameworks/CoreData.framework; sourceTree = SDKROOT; };
		46BF7AB716DDA0B100D613C5 /* Hangman-Info.plist */ = {isa = PBXFileReference; lastKnownFileType = text.plist.xml; path = "Hangman-Info.plist"; sourceTree = "<group>"; };
		46BF7AB916DDA0B100D613C5 /* en */ = {isa = PBXFileReference; lastKnownFileType = text.plist.strings; name = en; path = en.lproj/InfoPlist.strings; sourceTree = "<group>"; };
		46BF7ABB16DDA0B100D613C5 /* main.m */ = {isa = PBXFileReference; lastKnownFileType = sourcecode.c.objc; path = main.m; sourceTree = "<group>"; };
		46BF7ABD16DDA0B100D613C5 /* Hangman-Prefix.pch */ = {isa = PBXFileReference; lastKnownFileType = sourcecode.c.h; path = "Hangman-Prefix.pch"; sourceTree = "<group>"; };
		46BF7ABE16DDA0B100D613C5 /* AppDelegate.h */ = {isa = PBXFileReference; lastKnownFileType = sourcecode.c.h; path = AppDelegate.h; sourceTree = "<group>"; };
		46BF7ABF16DDA0B100D613C5 /* AppDelegate.m */ = {isa = PBXFileReference; lastKnownFileType = sourcecode.c.objc; path = AppDelegate.m; sourceTree = "<group>"; };
		46BF7AC116DDA0B100D613C5 /* Default.png */ = {isa = PBXFileReference; lastKnownFileType = image.png; path = Default.png; sourceTree = "<group>"; };
		46BF7AC316DDA0B100D613C5 /* Default@2x.png */ = {isa = PBXFileReference; lastKnownFileType = image.png; path = "Default@2x.png"; sourceTree = "<group>"; };
		46BF7AC516DDA0B100D613C5 /* Default-568h@2x.png */ = {isa = PBXFileReference; lastKnownFileType = image.png; path = "Default-568h@2x.png"; sourceTree = "<group>"; };
		46BF7AC816DDA0B100D613C5 /* Hangman.xcdatamodel */ = {isa = PBXFileReference; lastKnownFileType = wrapper.xcdatamodel; path = Hangman.xcdatamodel; sourceTree = "<group>"; };
		46BF7ACF16DDA0B100D613C5 /* HangmanTests.octest */ = {isa = PBXFileReference; explicitFileType = wrapper.cfbundle; includeInIndex = 0; path = HangmanTests.octest; sourceTree = BUILT_PRODUCTS_DIR; };
		46BF7AD016DDA0B100D613C5 /* SenTestingKit.framework */ = {isa = PBXFileReference; lastKnownFileType = wrapper.framework; name = SenTestingKit.framework; path = Library/Frameworks/SenTestingKit.framework; sourceTree = DEVELOPER_DIR; };
		46BF7AD916DDA0B100D613C5 /* HangmanTests-Info.plist */ = {isa = PBXFileReference; lastKnownFileType = text.plist.xml; path = "HangmanTests-Info.plist"; sourceTree = "<group>"; };
		46BF7ADB16DDA0B100D613C5 /* en */ = {isa = PBXFileReference; lastKnownFileType = text.plist.strings; name = en; path = en.lproj/InfoPlist.strings; sourceTree = "<group>"; };
		46BF7ADD16DDA0B100D613C5 /* HangmanTests.h */ = {isa = PBXFileReference; lastKnownFileType = sourcecode.c.h; path = HangmanTests.h; sourceTree = "<group>"; };
		46BF7ADE16DDA0B100D613C5 /* HangmanTests.m */ = {isa = PBXFileReference; lastKnownFileType = sourcecode.c.objc; path = HangmanTests.m; sourceTree = "<group>"; };
/* End PBXFileReference section */

/* Begin PBXFrameworksBuildPhase section */
		46BF7AA716DDA0B100D613C5 /* Frameworks */ = {
			isa = PBXFrameworksBuildPhase;
			buildActionMask = 2147483647;
			files = (
				46BF7AAE16DDA0B100D613C5 /* UIKit.framework in Frameworks */,
				46BF7AB016DDA0B100D613C5 /* Foundation.framework in Frameworks */,
				46BF7AB216DDA0B100D613C5 /* CoreGraphics.framework in Frameworks */,
				46BF7AB416DDA0B100D613C5 /* CoreData.framework in Frameworks */,
			);
			runOnlyForDeploymentPostprocessing = 0;
		};
		46BF7ACB16DDA0B100D613C5 /* Frameworks */ = {
			isa = PBXFrameworksBuildPhase;
			buildActionMask = 2147483647;
			files = (
				46BF7AD116DDA0B100D613C5 /* SenTestingKit.framework in Frameworks */,
				46BF7AD216DDA0B100D613C5 /* UIKit.framework in Frameworks */,
				46BF7AD316DDA0B100D613C5 /* Foundation.framework in Frameworks */,
				46BF7AD416DDA0B100D613C5 /* CoreData.framework in Frameworks */,
			);
			runOnlyForDeploymentPostprocessing = 0;
		};
/* End PBXFrameworksBuildPhase section */

/* Begin PBXGroup section */
		46BF7AA116DDA0B100D613C5 = {
			isa = PBXGroup;
			children = (
				46BF7AB516DDA0B100D613C5 /* Hangman */,
				46BF7AD716DDA0B100D613C5 /* HangmanTests */,
				46BF7AAC16DDA0B100D613C5 /* Frameworks */,
				46BF7AAB16DDA0B100D613C5 /* Products */,
			);
			sourceTree = "<group>";
		};
		46BF7AAB16DDA0B100D613C5 /* Products */ = {
			isa = PBXGroup;
			children = (
				46BF7AAA16DDA0B100D613C5 /* Hangman.app */,
				46BF7ACF16DDA0B100D613C5 /* HangmanTests.octest */,
			);
			name = Products;
			sourceTree = "<group>";
		};
		46BF7AAC16DDA0B100D613C5 /* Frameworks */ = {
			isa = PBXGroup;
			children = (
				46BF7AAD16DDA0B100D613C5 /* UIKit.framework */,
				46BF7AAF16DDA0B100D613C5 /* Foundation.framework */,
				46BF7AB116DDA0B100D613C5 /* CoreGraphics.framework */,
				46BF7AB316DDA0B100D613C5 /* CoreData.framework */,
				46BF7AD016DDA0B100D613C5 /* SenTestingKit.framework */,
			);
			name = Frameworks;
			sourceTree = "<group>";
		};
		46BF7AB516DDA0B100D613C5 /* Hangman */ = {
			isa = PBXGroup;
			children = (
				46BF7ABE16DDA0B100D613C5 /* AppDelegate.h */,
				46BF7ABF16DDA0B100D613C5 /* AppDelegate.m */,
				46BF7AC716DDA0B100D613C5 /* Hangman.xcdatamodeld */,
				46BF7AB616DDA0B100D613C5 /* Supporting Files */,
			);
			path = Hangman;
			sourceTree = "<group>";
		};
		46BF7AB616DDA0B100D613C5 /* Supporting Files */ = {
			isa = PBXGroup;
			children = (
				46BF7AB716DDA0B100D613C5 /* Hangman-Info.plist */,
				46BF7AB816DDA0B100D613C5 /* InfoPlist.strings */,
				46BF7ABB16DDA0B100D613C5 /* main.m */,
				46BF7ABD16DDA0B100D613C5 /* Hangman-Prefix.pch */,
				46BF7AC116DDA0B100D613C5 /* Default.png */,
				46BF7AC316DDA0B100D613C5 /* Default@2x.png */,
				46BF7AC516DDA0B100D613C5 /* Default-568h@2x.png */,
			);
			name = "Supporting Files";
			sourceTree = "<group>";
		};
		46BF7AD716DDA0B100D613C5 /* HangmanTests */ = {
			isa = PBXGroup;
			children = (
				46BF7ADD16DDA0B100D613C5 /* HangmanTests.h */,
				46BF7ADE16DDA0B100D613C5 /* HangmanTests.m */,
				46BF7AD816DDA0B100D613C5 /* Supporting Files */,
			);
			path = HangmanTests;
			sourceTree = "<group>";
		};
		46BF7AD816DDA0B100D613C5 /* Supporting Files */ = {
			isa = PBXGroup;
			children = (
				46BF7AD916DDA0B100D613C5 /* HangmanTests-Info.plist */,
				46BF7ADA16DDA0B100D613C5 /* InfoPlist.strings */,
			);
			name = "Supporting Files";
			sourceTree = "<group>";
		};
/* End PBXGroup section */

/* Begin PBXNativeTarget section */
		46BF7AA916DDA0B100D613C5 /* Hangman */ = {
			isa = PBXNativeTarget;
			buildConfigurationList = 46BF7AE216DDA0B100D613C5 /* Build configuration list for PBXNativeTarget "Hangman" */;
			buildPhases = (
				46BF7AA616DDA0B100D613C5 /* Sources */,
				46BF7AA716DDA0B100D613C5 /* Frameworks */,
				46BF7AA816DDA0B100D613C5 /* Resources */,
			);
			buildRules = (
			);
			dependencies = (
			);
			name = Hangman;
			productName = Hangman;
			productReference = 46BF7AAA16DDA0B100D613C5 /* Hangman.app */;
			productType = "com.apple.product-type.application";
		};
		46BF7ACE16DDA0B100D613C5 /* HangmanTests */ = {
			isa = PBXNativeTarget;
			buildConfigurationList = 46BF7AE516DDA0B100D613C5 /* Build configuration list for PBXNativeTarget "HangmanTests" */;
			buildPhases = (
				46BF7ACA16DDA0B100D613C5 /* Sources */,
				46BF7ACB16DDA0B100D613C5 /* Frameworks */,
				46BF7ACC16DDA0B100D613C5 /* Resources */,
				46BF7ACD16DDA0B100D613C5 /* ShellScript */,
			);
			buildRules = (
			);
			dependencies = (
				46BF7AD616DDA0B100D613C5 /* PBXTargetDependency */,
			);
			name = HangmanTests;
			productName = HangmanTests;
			productReference = 46BF7ACF16DDA0B100D613C5 /* HangmanTests.octest */;
			productType = "com.apple.product-type.bundle";
		};
/* End PBXNativeTarget section */

/* Begin PBXProject section */
		46BF7AA216DDA0B100D613C5 /* Project object */ = {
			isa = PBXProject;
			attributes = {
				LastUpgradeCheck = 0460;
				ORGANIZATIONNAME = "Larry Cao";
			};
			buildConfigurationList = 46BF7AA516DDA0B100D613C5 /* Build configuration list for PBXProject "Hangman" */;
			compatibilityVersion = "Xcode 3.2";
			developmentRegion = English;
			hasScannedForEncodings = 0;
			knownRegions = (
				en,
			);
			mainGroup = 46BF7AA116DDA0B100D613C5;
			productRefGroup = 46BF7AAB16DDA0B100D613C5 /* Products */;
			projectDirPath = "";
			projectRoot = "";
			targets = (
				46BF7AA916DDA0B100D613C5 /* Hangman */,
				46BF7ACE16DDA0B100D613C5 /* HangmanTests */,
			);
		};
/* End PBXProject section */

/* Begin PBXResourcesBuildPhase section */
		46BF7AA816DDA0B100D613C5 /* Resources */ = {
			isa = PBXResourcesBuildPhase;
			buildActionMask = 2147483647;
			files = (
				46BF7ABA16DDA0B100D613C5 /* InfoPlist.strings in Resources */,
				46BF7AC216DDA0B100D613C5 /* Default.png in Resources */,
				46BF7AC416DDA0B100D613C5 /* Default@2x.png in Resources */,
				46BF7AC616DDA0B100D613C5 /* Default-568h@2x.png in Resources */,
			);
			runOnlyForDeploymentPostprocessing = 0;
		};
		46BF7ACC16DDA0B100D613C5 /* Resources */ = {
			isa = PBXResourcesBuildPhase;
			buildActionMask = 2147483647;
			files = (
				46BF7ADC16DDA0B100D613C5 /* InfoPlist.strings in Resources */,
			);
			runOnlyForDeploymentPostprocessing = 0;
		};
/* End PBXResourcesBuildPhase section */

/* Begin PBXShellScriptBuildPhase section */
		46BF7ACD16DDA0B100D613C5 /* ShellScript */ = {
			isa = PBXShellScriptBuildPhase;
			buildActionMask = 2147483647;
			files = (
			);
			inputPaths = (
			);
			outputPaths = (
			);
			runOnlyForDeploymentPostprocessing = 0;
			shellPath = /bin/sh;
			shellScript = "# Run the unit tests in this test bundle.\n\"${SYSTEM_DEVELOPER_DIR}/Tools/RunUnitTests\"\n";
		};
/* End PBXShellScriptBuildPhase section */

/* Begin PBXSourcesBuildPhase section */
		46BF7AA616DDA0B100D613C5 /* Sources */ = {
			isa = PBXSourcesBuildPhase;
			buildActionMask = 2147483647;
			files = (
				46BF7ABC16DDA0B100D613C5 /* main.m in Sources */,
				46BF7AC016DDA0B100D613C5 /* AppDelegate.m in Sources */,
				46BF7AC916DDA0B100D613C5 /* Hangman.xcdatamodeld in Sources */,
			);
			runOnlyForDeploymentPostprocessing = 0;
		};
		46BF7ACA16DDA0B100D613C5 /* Sources */ = {
			isa = PBXSourcesBuildPhase;
			buildActionMask = 2147483647;
			files = (
				46BF7ADF16DDA0B100D613C5 /* HangmanTests.m in Sources */,
			);
			runOnlyForDeploymentPostprocessing = 0;
		};
/* End PBXSourcesBuildPhase section */

/* Begin PBXTargetDependency section */
		46BF7AD616DDA0B100D613C5 /* PBXTargetDependency */ = {
			isa = PBXTargetDependency;
			target = 46BF7AA916DDA0B100D613C5 /* Hangman */;
			targetProxy = 46BF7AD516DDA0B100D613C5 /* PBXContainerItemProxy */;
		};
/* End PBXTargetDependency section */

/* Begin PBXVariantGroup section */
		46BF7AB816DDA0B100D613C5 /* InfoPlist.strings */ = {
			isa = PBXVariantGroup;
			children = (
				46BF7AB916DDA0B100D613C5 /* en */,
			);
			name = InfoPlist.strings;
			sourceTree = "<group>";
		};
		46BF7ADA16DDA0B100D613C5 /* InfoPlist.strings */ = {
			isa = PBXVariantGroup;
			children = (
				46BF7ADB16DDA0B100D613C5 /* en */,
			);
			name = InfoPlist.strings;
			sourceTree = "<group>";
		};
/* End PBXVariantGroup section */

/* Begin XCBuildConfiguration section */
		46BF7AE016DDA0B100D613C5 /* Debug */ = {
			isa = XCBuildConfiguration;
			buildSettings = {
				ALWAYS_SEARCH_USER_PATHS = NO;
				CLANG_CXX_LANGUAGE_STANDARD = "gnu++0x";
				CLANG_CXX_LIBRARY = "libc++";
				CLANG_WARN_CONSTANT_CONVERSION = YES;
				CLANG_WARN_EMPTY_BODY = YES;
				CLANG_WARN_ENUM_CONVERSION = YES;
				CLANG_WARN_INT_CONVERSION = YES;
				CLANG_WARN__DUPLICATE_METHOD_MATCH = YES;
				"CODE_SIGN_IDENTITY[sdk=iphoneos*]" = "iPhone Developer";
				COPY_PHASE_STRIP = NO;
				GCC_C_LANGUAGE_STANDARD = gnu99;
				GCC_DYNAMIC_NO_PIC = NO;
				GCC_OPTIMIZATION_LEVEL = 0;
				GCC_PREPROCESSOR_DEFINITIONS = (
					"DEBUG=1",
					"$(inherited)",
				);
				GCC_SYMBOLS_PRIVATE_EXTERN = NO;
				GCC_WARN_ABOUT_RETURN_TYPE = YES;
				GCC_WARN_UNINITIALIZED_AUTOS = YES;
				GCC_WARN_UNUSED_VARIABLE = YES;
				IPHONEOS_DEPLOYMENT_TARGET = 6.1;
				ONLY_ACTIVE_ARCH = YES;
				SDKROOT = iphoneos;
				TARGETED_DEVICE_FAMILY = "1,2";
			};
			name = Debug;
		};
		46BF7AE116DDA0B100D613C5 /* Release */ = {
			isa = XCBuildConfiguration;
			buildSettings = {
				ALWAYS_SEARCH_USER_PATHS = NO;
				CLANG_CXX_LANGUAGE_STANDARD = "gnu++0x";
				CLANG_CXX_LIBRARY = "libc++";
				CLANG_WARN_CONSTANT_CONVERSION = YES;
				CLANG_WARN_EMPTY_BODY = YES;
				CLANG_WARN_ENUM_CONVERSION = YES;
				CLANG_WARN_INT_CONVERSION = YES;
				CLANG_WARN__DUPLICATE_METHOD_MATCH = YES;
				"CODE_SIGN_IDENTITY[sdk=iphoneos*]" = "iPhone Developer";
				COPY_PHASE_STRIP = YES;
				GCC_C_LANGUAGE_STANDARD = gnu99;
				GCC_WARN_ABOUT_RETURN_TYPE = YES;
				GCC_WARN_UNINITIALIZED_AUTOS = YES;
				GCC_WARN_UNUSED_VARIABLE = YES;
				IPHONEOS_DEPLOYMENT_TARGET = 6.1;
				OTHER_CFLAGS = "-DNS_BLOCK_ASSERTIONS=1";
				SDKROOT = iphoneos;
				TARGETED_DEVICE_FAMILY = "1,2";
				VALIDATE_PRODUCT = YES;
			};
			name = Release;
		};
		46BF7AE316DDA0B100D613C5 /* Debug */ = {
			isa = XCBuildConfiguration;
			buildSettings = {
				GCC_PRECOMPILE_PREFIX_HEADER = YES;
				GCC_PREFIX_HEADER = "Hangman/Hangman-Prefix.pch";
				INFOPLIST_FILE = "Hangman/Hangman-Info.plist";
				PRODUCT_NAME = "$(TARGET_NAME)";
				WRAPPER_EXTENSION = app;
			};
			name = Debug;
		};
		46BF7AE416DDA0B100D613C5 /* Release */ = {
			isa = XCBuildConfiguration;
			buildSettings = {
				GCC_PRECOMPILE_PREFIX_HEADER = YES;
				GCC_PREFIX_HEADER = "Hangman/Hangman-Prefix.pch";
				INFOPLIST_FILE = "Hangman/Hangman-Info.plist";
				PRODUCT_NAME = "$(TARGET_NAME)";
				WRAPPER_EXTENSION = app;
			};
			name = Release;
		};
		46BF7AE616DDA0B100D613C5 /* Debug */ = {
			isa = XCBuildConfiguration;
			buildSettings = {
				BUNDLE_LOADER = "$(BUILT_PRODUCTS_DIR)/Hangman.app/Hangman";
				FRAMEWORK_SEARCH_PATHS = (
					"\"$(SDKROOT)/Developer/Library/Frameworks\"",
					"\"$(DEVELOPER_LIBRARY_DIR)/Frameworks\"",
				);
				GCC_PRECOMPILE_PREFIX_HEADER = YES;
				GCC_PREFIX_HEADER = "Hangman/Hangman-Prefix.pch";
				INFOPLIST_FILE = "HangmanTests/HangmanTests-Info.plist";
				PRODUCT_NAME = "$(TARGET_NAME)";
				TEST_HOST = "$(BUNDLE_LOADER)";
				WRAPPER_EXTENSION = octest;
			};
			name = Debug;
		};
		46BF7AE716DDA0B100D613C5 /* Release */ = {
			isa = XCBuildConfiguration;
			buildSettings = {
				BUNDLE_LOADER = "$(BUILT_PRODUCTS_DIR)/Hangman.app/Hangman";
				FRAMEWORK_SEARCH_PATHS = (
					"\"$(SDKROOT)/Developer/Library/Frameworks\"",
					"\"$(DEVELOPER_LIBRARY_DIR)/Frameworks\"",
				);
				GCC_PRECOMPILE_PREFIX_HEADER = YES;
				GCC_PREFIX_HEADER = "Hangman/Hangman-Prefix.pch";
				INFOPLIST_FILE = "HangmanTests/HangmanTests-Info.plist";
				PRODUCT_NAME = "$(TARGET_NAME)";
				TEST_HOST = "$(BUNDLE_LOADER)";
				WRAPPER_EXTENSION = octest;
			};
			name = Release;
		};
/* End XCBuildConfiguration section */

/* Begin XCConfigurationList section */
		46BF7AA516DDA0B100D613C5 /* Build configuration list for PBXProject "Hangman" */ = {
			isa = XCConfigurationList;
			buildConfigurations = (
				46BF7AE016DDA0B100D613C5 /* Debug */,
				46BF7AE116DDA0B100D613C5 /* Release */,
			);
			defaultConfigurationIsVisible = 0;
			defaultConfigurationName = Release;
		};
		46BF7AE216DDA0B100D613C5 /* Build configuration list for PBXNativeTarget "Hangman" */ = {
			isa = XCConfigurationList;
			buildConfigurations = (
				46BF7AE316DDA0B100D613C5 /* Debug */,
				46BF7AE416DDA0B100D613C5 /* Release */,
			);
			defaultConfigurationIsVisible = 0;
		};
		46BF7AE516DDA0B100D613C5 /* Build configuration list for PBXNativeTarget "HangmanTests" */ = {
			isa = XCConfigurationList;
			buildConfigurations = (
				46BF7AE616DDA0B100D613C5 /* Debug */,
				46BF7AE716DDA0B100D613C5 /* Release */,
			);
			defaultConfigurationIsVisible = 0;
		};
/* End XCConfigurationList section */

/* Begin XCVersionGroup section */
		46BF7AC716DDA0B100D613C5 /* Hangman.xcdatamodeld */ = {
			isa = XCVersionGroup;
			children = (
				46BF7AC816DDA0B100D613C5 /* Hangman.xcdatamodel */,
			);
			currentVersion = 46BF7AC816DDA0B100D613C5 /* Hangman.xcdatamodel */;
			path = Hangman.xcdatamodeld;
			sourceTree = "<group>";
			versionGroupType = wrapper.xcdatamodel;
		};
/* End XCVersionGroup section */
	};
	rootObject = 46BF7AA216DDA0B100D613C5 /* Project object */;
}
